# This file was autogenerated by Stack.
# You should not edit this file by hand.
# For more information, please see the documentation at:
#   https://docs.haskellstack.org/en/stable/lock_files

packages:
- completed:
    hackage: simple-logger-0.0.4@sha256:d66b9804a4ec63a2e4b5b284cfec892c5d881050a53947314710eb4b1a1ba91f,1008
    pantry-tree:
      size: 375
      sha256: c7a671c4edd76f12dbe42c4be7d5abc8d517eb8dedb4b8b056e06f55e7ad7caf
  original:
    hackage: simple-logger-0.0.4
- completed:
    hackage: github-webhooks-0.10.1@sha256:5dbafea3f2e98be43d01e5043e103b829472b07925e287b91ba2a5399b2e7e45,3527
    pantry-tree:
      size: 3191
      sha256: 5a461b28c7a8dc804cd096a2a8ab0ee8cf10edda4c29bc6e69483c543410723e
  original:
    hackage: github-webhooks-0.10.1
snapshots:
- completed:
    size: 507344
    url: https://raw.githubusercontent.com/commercialhaskell/stackage-snapshots/master/lts/11/5.yaml
    sha256: a95cf9e057426149f3f69054edb3b62630d8ac39e38b34cd6035b769ca3085f9
  original: lts-11.5
